
Microsoft Visual Studio Solution File, Format Version 12.00
# Visual Studio Version 16
VisualStudioVersion = 16.0.29025.244
MinimumVisualStudioVersion = 10.0.40219.1
Project("{FAE04EC0-301F-11D3-BF4B-00C04F79EFBC}") = "Tragaperras", "Tragaperras\Tragaperras.csproj", "{B2CF4734-4A59-4A45-B02F-36D491934482}"
EndProject
Global
	GlobalSection(SolutionConfigurationPlatforms) = preSolution
		Debug|Any CPU = Debug|Any CPU
		Release|Any CPU = Release|Any CPU
	EndGlobalSection
	GlobalSection(ProjectConfigurationPlatforms) = postSolution
		{B2CF4734-4A59-4A45-B02F-36D491934482}.Debug|Any CPU.ActiveCfg = Debug|Any CPU
		{B2CF4734-4A59-4A45-B02F-36D491934482}.Debug|Any CPU.Build.0 = Debug|Any CPU
		{B2CF4734-4A59-4A45-B02F-36D491934482}.Release|Any CPU.ActiveCfg = Release|Any CPU
		{B2CF4734-4A59-4A45-B02F-36D491934482}.Release|Any CPU.Build.0 = Release|Any CPU
	EndGlobalSection
	GlobalSection(SolutionProperties) = preSolution
		HideSolutionNode = FALSE
	EndGlobalSection
	GlobalSection(ExtensibilityGlobals) = postSolution
		SolutionGuid = {2ABC4B1F-084A-489D-A832-894C13A91B70}
	EndGlobalSection
EndGlobal
